// !$*UTF8*$!
{
	archiveVersion = 1;
	classes = {
	};
	objectVersion = 46;
	objects = {

/* Begin PBXBuildFile section */
		63089A571C39C3E90020562C /* dog1.jpeg in Resources */ = {isa = PBXBuildFile; fileRef = 63089A521C39C3E90020562C /* dog1.jpeg */; };
		63089A581C39C3E90020562C /* dolphin1.jpg in Resources */ = {isa = PBXBuildFile; fileRef = 63089A531C39C3E90020562C /* dolphin1.jpg */; };
		63089A591C39C3E90020562C /* eagle1.jpg in Resources */ = {isa = PBXBuildFile; fileRef = 63089A541C39C3E90020562C /* eagle1.jpg */; };
		63089A5A1C39C3E90020562C /* fly1.jpg in Resources */ = {isa = PBXBuildFile; fileRef = 63089A551C39C3E90020562C /* fly1.jpg */; };
		63089A5B1C39C3E90020562C /* horse1.jpg in Resources */ = {isa = PBXBuildFile; fileRef = 63089A561C39C3E90020562C /* horse1.jpg */; };
		63089A5D1C39C5150020562C /* duck.jpg in Resources */ = {isa = PBXBuildFile; fileRef = 63089A5C1C39C5150020562C /* duck.jpg */; };
		63DA1C481C37DD43006128BE /* main.m in Sources */ = {isa = PBXBuildFile; fileRef = 63DA1C471C37DD43006128BE /* main.m */; };
		63DA1C4B1C37DD43006128BE /* AppDelegate.m in Sources */ = {isa = PBXBuildFile; fileRef = 63DA1C4A1C37DD43006128BE /* AppDelegate.m */; };
		63DA1C4E1C37DD43006128BE /* ViewController.m in Sources */ = {isa = PBXBuildFile; fileRef = 63DA1C4D1C37DD43006128BE /* ViewController.m */; };
		63DA1C511C37DD43006128BE /* Main.storyboard in Resources */ = {isa = PBXBuildFile; fileRef = 63DA1C4F1C37DD43006128BE /* Main.storyboard */; };
		63DA1C531C37DD43006128BE /* Assets.xcassets in Resources */ = {isa = PBXBuildFile; fileRef = 63DA1C521C37DD43006128BE /* Assets.xcassets */; };
		63DA1C561C37DD43006128BE /* LaunchScreen.storyboard in Resources */ = {isa = PBXBuildFile; fileRef = 63DA1C541C37DD43006128BE /* LaunchScreen.storyboard */; };
		63DA1C611C37DD44006128BE /* BabySpeakerTests.m in Sources */ = {isa = PBXBuildFile; fileRef = 63DA1C601C37DD44006128BE /* BabySpeakerTests.m */; };
		63DA1C6C1C37DD44006128BE /* BabySpeakerUITests.m in Sources */ = {isa = PBXBuildFile; fileRef = 63DA1C6B1C37DD44006128BE /* BabySpeakerUITests.m */; };
		63DA1C821C37DECB006128BE /* Cow.mp3 in Resources */ = {isa = PBXBuildFile; fileRef = 63DA1C791C37DECB006128BE /* Cow.mp3 */; };
		63DA1C831C37DECB006128BE /* delfin.mp3 in Resources */ = {isa = PBXBuildFile; fileRef = 63DA1C7A1C37DECB006128BE /* delfin.mp3 */; };
		63DA1C841C37DECB006128BE /* jaguar.mp3 in Resources */ = {isa = PBXBuildFile; fileRef = 63DA1C7B1C37DECB006128BE /* jaguar.mp3 */; };
		63DA1C851C37DECB006128BE /* krik_orla.mp3 in Resources */ = {isa = PBXBuildFile; fileRef = 63DA1C7C1C37DECB006128BE /* krik_orla.mp3 */; };
		63DA1C861C37DECB006128BE /* krik_petukha.mp3 in Resources */ = {isa = PBXBuildFile; fileRef = 63DA1C7D1C37DECB006128BE /* krik_petukha.mp3 */; };
		63DA1C871C37DECB006128BE /* krjakane_utki.mp3 in Resources */ = {isa = PBXBuildFile; fileRef = 63DA1C7E1C37DECB006128BE /* krjakane_utki.mp3 */; };
		63DA1C881C37DECB006128BE /* laj_sobaki.mp3 in Resources */ = {isa = PBXBuildFile; fileRef = 63DA1C7F1C37DECB006128BE /* laj_sobaki.mp3 */; };
		63DA1C891C37DECB006128BE /* rzhanie_loshadi.mp3 in Resources */ = {isa = PBXBuildFile; fileRef = 63DA1C801C37DECB006128BE /* rzhanie_loshadi.mp3 */; };
		63DA1C8A1C37DECB006128BE /* zhuzhanie_mukhi.mp3 in Resources */ = {isa = PBXBuildFile; fileRef = 63DA1C811C37DECB006128BE /* zhuzhanie_mukhi.mp3 */; };
		63F897C61C39BD430056D48F /* chicken.jpg in Resources */ = {isa = PBXBuildFile; fileRef = 63F897C21C39BD430056D48F /* chicken.jpg */; };
		63F897C71C39BD430056D48F /* cow2.jpg in Resources */ = {isa = PBXBuildFile; fileRef = 63F897C31C39BD430056D48F /* cow2.jpg */; };
		63F897C91C39BD430056D48F /* yaguar.jpg in Resources */ = {isa = PBXBuildFile; fileRef = 63F897C51C39BD430056D48F /* yaguar.jpg */; };
		63FD541E1C6A7FAE00A7DE6B /* sparrow.mp3 in Resources */ = {isa = PBXBuildFile; fileRef = 63FD541D1C6A7FAE00A7DE6B /* sparrow.mp3 */; };
		63FD54211C6A7FBD00A7DE6B /* elphant.mp3 in Resources */ = {isa = PBXBuildFile; fileRef = 63FD541F1C6A7FBD00A7DE6B /* elphant.mp3 */; };
		63FD54221C6A7FBD00A7DE6B /* goat.mp3 in Resources */ = {isa = PBXBuildFile; fileRef = 63FD54201C6A7FBD00A7DE6B /* goat.mp3 */; };
/* End PBXBuildFile section */

/* Begin PBXContainerItemProxy section */
		63DA1C5D1C37DD44006128BE /* PBXContainerItemProxy */ = {
			isa = PBXContainerItemProxy;
			containerPortal = 63DA1C3B1C37DD43006128BE /* Project object */;
			proxyType = 1;
			remoteGlobalIDString = 63DA1C421C37DD43006128BE;
			remoteInfo = BabySpeaker;
		};
		63DA1C681C37DD44006128BE /* PBXContainerItemProxy */ = {
			isa = PBXContainerItemProxy;
			containerPortal = 63DA1C3B1C37DD43006128BE /* Project object */;
			proxyType = 1;
			remoteGlobalIDString = 63DA1C421C37DD43006128BE;
			remoteInfo = BabySpeaker;
		};
/* End PBXContainerItemProxy section */

/* Begin PBXFileReference section */
		63089A521C39C3E90020562C /* dog1.jpeg */ = {isa = PBXFileReference; lastKnownFileType = image.jpeg; path = dog1.jpeg; sourceTree = "<group>"; };
		63089A531C39C3E90020562C /* dolphin1.jpg */ = {isa = PBXFileReference; lastKnownFileType = image.jpeg; path = dolphin1.jpg; sourceTree = "<group>"; };
		63089A541C39C3E90020562C /* eagle1.jpg */ = {isa = PBXFileReference; lastKnownFileType = image.jpeg; path = eagle1.jpg; sourceTree = "<group>"; };
		63089A551C39C3E90020562C /* fly1.jpg */ = {isa = PBXFileReference; lastKnownFileType = image.jpeg; path = fly1.jpg; sourceTree = "<group>"; };
		63089A561C39C3E90020562C /* horse1.jpg */ = {isa = PBXFileReference; lastKnownFileType = image.jpeg; path = horse1.jpg; sourceTree = "<group>"; };
		63089A5C1C39C5150020562C /* duck.jpg */ = {isa = PBXFileReference; lastKnownFileType = image.jpeg; path = duck.jpg; sourceTree = "<group>"; };
		63DA1C431C37DD43006128BE /* BabySpeaker.app */ = {isa = PBXFileReference; explicitFileType = wrapper.application; includeInIndex = 0; path = BabySpeaker.app; sourceTree = BUILT_PRODUCTS_DIR; };
		63DA1C471C37DD43006128BE /* main.m */ = {isa = PBXFileReference; lastKnownFileType = sourcecode.c.objc; path = main.m; sourceTree = "<group>"; };
		63DA1C491C37DD43006128BE /* AppDelegate.h */ = {isa = PBXFileReference; lastKnownFileType = sourcecode.c.h; path = AppDelegate.h; sourceTree = "<group>"; };
		63DA1C4A1C37DD43006128BE /* AppDelegate.m */ = {isa = PBXFileReference; lastKnownFileType = sourcecode.c.objc; path = AppDelegate.m; sourceTree = "<group>"; };
		63DA1C4C1C37DD43006128BE /* ViewController.h */ = {isa = PBXFileReference; lastKnownFileType = sourcecode.c.h; path = ViewController.h; sourceTree = "<group>"; };
		63DA1C4D1C37DD43006128BE /* ViewController.m */ = {isa = PBXFileReference; lastKnownFileType = sourcecode.c.objc; path = ViewController.m; sourceTree = "<group>"; };
		63DA1C501C37DD43006128BE /* Base */ = {isa = PBXFileReference; lastKnownFileType = file.storyboard; name = Base; path = Base.lproj/Main.storyboard; sourceTree = "<group>"; };
		63DA1C521C37DD43006128BE /* Assets.xcassets */ = {isa = PBXFileReference; lastKnownFileType = folder.assetcatalog; path = Assets.xcassets; sourceTree = "<group>"; };
		63DA1C551C37DD43006128BE /* Base */ = {isa = PBXFileReference; lastKnownFileType = file.storyboard; name = Base; path = Base.lproj/LaunchScreen.storyboard; sourceTree = "<group>"; };
		63DA1C571C37DD43006128BE /* Info.plist */ = {isa = PBXFileReference; lastKnownFileType = text.plist.xml; path = Info.plist; sourceTree = "<group>"; };
		63DA1C5C1C37DD44006128BE /* BabySpeakerTests.xctest */ = {isa = PBXFileReference; explicitFileType = wrapper.cfbundle; includeInIndex = 0; path = BabySpeakerTests.xctest; sourceTree = BUILT_PRODUCTS_DIR; };
		63DA1C601C37DD44006128BE /* BabySpeakerTests.m */ = {isa = PBXFileReference; lastKnownFileType = sourcecode.c.objc; path = BabySpeakerTests.m; sourceTree = "<group>"; };
		63DA1C621C37DD44006128BE /* Info.plist */ = {isa = PBXFileReference; lastKnownFileType = text.plist.xml; path = Info.plist; sourceTree = "<group>"; };
		63DA1C671C37DD44006128BE /* BabySpeakerUITests.xctest */ = {isa = PBXFileReference; explicitFileType = wrapper.cfbundle; includeInIndex = 0; path = BabySpeakerUITests.xctest; sourceTree = BUILT_PRODUCTS_DIR; };
		63DA1C6B1C37DD44006128BE /* BabySpeakerUITests.m */ = {isa = PBXFileReference; lastKnownFileType = sourcecode.c.objc; path = BabySpeakerUITests.m; sourceTree = "<group>"; };
		63DA1C6D1C37DD44006128BE /* Info.plist */ = {isa = PBXFileReference; lastKnownFileType = text.plist.xml; path = Info.plist; sourceTree = "<group>"; };
		63DA1C791C37DECB006128BE /* Cow.mp3 */ = {isa = PBXFileReference; lastKnownFileType = audio.mp3; path = Cow.mp3; sourceTree = "<group>"; };
		63DA1C7A1C37DECB006128BE /* delfin.mp3 */ = {isa = PBXFileReference; lastKnownFileType = audio.mp3; path = delfin.mp3; sourceTree = "<group>"; };
		63DA1C7B1C37DECB006128BE /* jaguar.mp3 */ = {isa = PBXFileReference; lastKnownFileType = audio.mp3; path = jaguar.mp3; sourceTree = "<group>"; };
		63DA1C7C1C37DECB006128BE /* krik_orla.mp3 */ = {isa = PBXFileReference; lastKnownFileType = audio.mp3; path = krik_orla.mp3; sourceTree = "<group>"; };
		63DA1C7D1C37DECB006128BE /* krik_petukha.mp3 */ = {isa = PBXFileReference; lastKnownFileType = audio.mp3; path = krik_petukha.mp3; sourceTree = "<group>"; };
		63DA1C7E1C37DECB006128BE /* krjakane_utki.mp3 */ = {isa = PBXFileReference; lastKnownFileType = audio.mp3; path = krjakane_utki.mp3; sourceTree = "<group>"; };
		63DA1C7F1C37DECB006128BE /* laj_sobaki.mp3 */ = {isa = PBXFileReference; lastKnownFileType = audio.mp3; path = laj_sobaki.mp3; sourceTree = "<group>"; };
		63DA1C801C37DECB006128BE /* rzhanie_loshadi.mp3 */ = {isa = PBXFileReference; lastKnownFileType = audio.mp3; path = rzhanie_loshadi.mp3; sourceTree = "<group>"; };
		63DA1C811C37DECB006128BE /* zhuzhanie_mukhi.mp3 */ = {isa = PBXFileReference; lastKnownFileType = audio.mp3; path = zhuzhanie_mukhi.mp3; sourceTree = "<group>"; };
		63F897C21C39BD430056D48F /* chicken.jpg */ = {isa = PBXFileReference; lastKnownFileType = image.jpeg; path = chicken.jpg; sourceTree = "<group>"; };
		63F897C31C39BD430056D48F /* cow2.jpg */ = {isa = PBXFileReference; lastKnownFileType = image.jpeg; path = cow2.jpg; sourceTree = "<group>"; };
		63F897C51C39BD430056D48F /* yaguar.jpg */ = {isa = PBXFileReference; lastKnownFileType = image.jpeg; path = yaguar.jpg; sourceTree = "<group>"; };
		63FD541D1C6A7FAE00A7DE6B /* sparrow.mp3 */ = {isa = PBXFileReference; lastKnownFileType = audio.mp3; path = sparrow.mp3; sourceTree = "<group>"; };
		63FD541F1C6A7FBD00A7DE6B /* elphant.mp3 */ = {isa = PBXFileReference; lastKnownFileType = audio.mp3; path = elphant.mp3; sourceTree = "<group>"; };
		63FD54201C6A7FBD00A7DE6B /* goat.mp3 */ = {isa = PBXFileReference; lastKnownFileType = audio.mp3; path = goat.mp3; sourceTree = "<group>"; };
/* End PBXFileReference section */

/* Begin PBXFrameworksBuildPhase section */
		63DA1C401C37DD43006128BE /* Frameworks */ = {
			isa = PBXFrameworksBuildPhase;
			buildActionMask = 2147483647;
			files = (
			);
			runOnlyForDeploymentPostprocessing = 0;
		};
		63DA1C591C37DD44006128BE /* Frameworks */ = {
			isa = PBXFrameworksBuildPhase;
			buildActionMask = 2147483647;
			files = (
			);
			runOnlyForDeploymentPostprocessing = 0;
		};
		63DA1C641C37DD44006128BE /* Frameworks */ = {
			isa = PBXFrameworksBuildPhase;
			buildActionMask = 2147483647;
			files = (
			);
			runOnlyForDeploymentPostprocessing = 0;
		};
/* End PBXFrameworksBuildPhase section */

/* Begin PBXGroup section */
		63DA1C3A1C37DD43006128BE = {
			isa = PBXGroup;
			children = (
				63DA1C451C37DD43006128BE /* BabySpeaker */,
				63DA1C5F1C37DD44006128BE /* BabySpeakerTests */,
				63DA1C6A1C37DD44006128BE /* BabySpeakerUITests */,
				63DA1C441C37DD43006128BE /* Products */,
			);
			sourceTree = "<group>";
		};
		63DA1C441C37DD43006128BE /* Products */ = {
			isa = PBXGroup;
			children = (
				63DA1C431C37DD43006128BE /* BabySpeaker.app */,
				63DA1C5C1C37DD44006128BE /* BabySpeakerTests.xctest */,
				63DA1C671C37DD44006128BE /* BabySpeakerUITests.xctest */,
			);
			name = Products;
			sourceTree = "<group>";
		};
		63DA1C451C37DD43006128BE /* BabySpeaker */ = {
			isa = PBXGroup;
			children = (
				63DA1C491C37DD43006128BE /* AppDelegate.h */,
				63DA1C4A1C37DD43006128BE /* AppDelegate.m */,
				63DA1C4C1C37DD43006128BE /* ViewController.h */,
				63DA1C4D1C37DD43006128BE /* ViewController.m */,
				63DA1C4F1C37DD43006128BE /* Main.storyboard */,
				63DA1C521C37DD43006128BE /* Assets.xcassets */,
				63DA1C541C37DD43006128BE /* LaunchScreen.storyboard */,
				63DA1C571C37DD43006128BE /* Info.plist */,
				63DA1C461C37DD43006128BE /* Supporting Files */,
			);
			path = BabySpeaker;
			sourceTree = "<group>";
		};
		63DA1C461C37DD43006128BE /* Supporting Files */ = {
			isa = PBXGroup;
			children = (
				63DA1C471C37DD43006128BE /* main.m */,
				63F897C11C39BD1D0056D48F /* pics */,
				63DA1C8D1C37E387006128BE /* sounds */,
			);
			name = "Supporting Files";
			sourceTree = "<group>";
		};
		63DA1C5F1C37DD44006128BE /* BabySpeakerTests */ = {
			isa = PBXGroup;
			children = (
				63DA1C601C37DD44006128BE /* BabySpeakerTests.m */,
				63DA1C621C37DD44006128BE /* Info.plist */,
			);
			path = BabySpeakerTests;
			sourceTree = "<group>";
		};
		63DA1C6A1C37DD44006128BE /* BabySpeakerUITests */ = {
			isa = PBXGroup;
			children = (
				63DA1C6B1C37DD44006128BE /* BabySpeakerUITests.m */,
				63DA1C6D1C37DD44006128BE /* Info.plist */,
			);
			path = BabySpeakerUITests;
			sourceTree = "<group>";
		};
		63DA1C8D1C37E387006128BE /* sounds */ = {
			isa = PBXGroup;
			children = (
				63FD541D1C6A7FAE00A7DE6B /* sparrow.mp3 */,
				63FD541F1C6A7FBD00A7DE6B /* elphant.mp3 */,
				63FD54201C6A7FBD00A7DE6B /* goat.mp3 */,
				63DA1C7C1C37DECB006128BE /* krik_orla.mp3 */,
				63DA1C7B1C37DECB006128BE /* jaguar.mp3 */,
				63DA1C7A1C37DECB006128BE /* delfin.mp3 */,
				63DA1C7D1C37DECB006128BE /* krik_petukha.mp3 */,
				63DA1C7F1C37DECB006128BE /* laj_sobaki.mp3 */,
				63DA1C801C37DECB006128BE /* rzhanie_loshadi.mp3 */,
				63DA1C811C37DECB006128BE /* zhuzhanie_mukhi.mp3 */,
				63DA1C7E1C37DECB006128BE /* krjakane_utki.mp3 */,
				63DA1C791C37DECB006128BE /* Cow.mp3 */,
			);
			name = sounds;
			sourceTree = "<group>";
		};
		63F897C11C39BD1D0056D48F /* pics */ = {
			isa = PBXGroup;
			children = (
				63F897C21C39BD430056D48F /* chicken.jpg */,
				63F897C31C39BD430056D48F /* cow2.jpg */,
				63F897C51C39BD430056D48F /* yaguar.jpg */,
				63089A521C39C3E90020562C /* dog1.jpeg */,
				63089A531C39C3E90020562C /* dolphin1.jpg */,
				63089A541C39C3E90020562C /* eagle1.jpg */,
				63089A551C39C3E90020562C /* fly1.jpg */,
				63089A561C39C3E90020562C /* horse1.jpg */,
				63089A5C1C39C5150020562C /* duck.jpg */,
			);
			name = pics;
			sourceTree = "<group>";
		};
/* End PBXGroup section */

/* Begin PBXNativeTarget section */
		63DA1C421C37DD43006128BE /* BabySpeaker */ = {
			isa = PBXNativeTarget;
			buildConfigurationList = 63DA1C701C37DD44006128BE /* Build configuration list for PBXNativeTarget "BabySpeaker" */;
			buildPhases = (
				63DA1C3F1C37DD43006128BE /* Sources */,
				63DA1C401C37DD43006128BE /* Frameworks */,
				63DA1C411C37DD43006128BE /* Resources */,
			);
			buildRules = (
			);
			dependencies = (
			);
			name = BabySpeaker;
			productName = BabySpeaker;
			productReference = 63DA1C431C37DD43006128BE /* BabySpeaker.app */;
			productType = "com.apple.product-type.application";
		};
		63DA1C5B1C37DD44006128BE /* BabySpeakerTests */ = {
			isa = PBXNativeTarget;
			buildConfigurationList = 63DA1C731C37DD44006128BE /* Build configuration list for PBXNativeTarget "BabySpeakerTests" */;
			buildPhases = (
				63DA1C581C37DD44006128BE /* Sources */,
				63DA1C591C37DD44006128BE /* Frameworks */,
				63DA1C5A1C37DD44006128BE /* Resources */,
			);
			buildRules = (
			);
			dependencies = (
				63DA1C5E1C37DD44006128BE /* PBXTargetDependency */,
			);
			name = BabySpeakerTests;
			productName = BabySpeakerTests;
			productReference = 63DA1C5C1C37DD44006128BE /* BabySpeakerTests.xctest */;
			productType = "com.apple.product-type.bundle.unit-test";
		};
		63DA1C661C37DD44006128BE /* BabySpeakerUITests */ = {
			isa = PBXNativeTarget;
			buildConfigurationList = 63DA1C761C37DD44006128BE /* Build configuration list for PBXNativeTarget "BabySpeakerUITests" */;
			buildPhases = (
				63DA1C631C37DD44006128BE /* Sources */,
				63DA1C641C37DD44006128BE /* Frameworks */,
				63DA1C651C37DD44006128BE /* Resources */,
			);
			buildRules = (
			);
			dependencies = (
				63DA1C691C37DD44006128BE /* PBXTargetDependency */,
			);
			name = BabySpeakerUITests;
			productName = BabySpeakerUITests;
			productReference = 63DA1C671C37DD44006128BE /* BabySpeakerUITests.xctest */;
			productType = "com.apple.product-type.bundle.ui-testing";
		};
/* End PBXNativeTarget section */

/* Begin PBXProject section */
		63DA1C3B1C37DD43006128BE /* Project object */ = {
			isa = PBXProject;
			attributes = {
				LastUpgradeCheck = 0720;
				ORGANIZATIONNAME = David;
				TargetAttributes = {
					63DA1C421C37DD43006128BE = {
						CreatedOnToolsVersion = 7.2;
						DevelopmentTeam = 49KXW48LE7;
					};
					63DA1C5B1C37DD44006128BE = {
						CreatedOnToolsVersion = 7.2;
						DevelopmentTeam = 49KXW48LE7;
						TestTargetID = 63DA1C421C37DD43006128BE;
					};
					63DA1C661C37DD44006128BE = {
						CreatedOnToolsVersion = 7.2;
						DevelopmentTeam = 49KXW48LE7;
						TestTargetID = 63DA1C421C37DD43006128BE;
					};
				};
			};
			buildConfigurationList = 63DA1C3E1C37DD43006128BE /* Build configuration list for PBXProject "BabySpeaker" */;
			compatibilityVersion = "Xcode 3.2";
			developmentRegion = English;
			hasScannedForEncodings = 0;
			knownRegions = (
				en,
				Base,
			);
			mainGroup = 63DA1C3A1C37DD43006128BE;
			productRefGroup = 63DA1C441C37DD43006128BE /* Products */;
			projectDirPath = "";
			projectRoot = "";
			targets = (
				63DA1C421C37DD43006128BE /* BabySpeaker */,
				63DA1C5B1C37DD44006128BE /* BabySpeakerTests */,
				63DA1C661C37DD44006128BE /* BabySpeakerUITests */,
			);
		};
/* End PBXProject section */

/* Begin PBXResourcesBuildPhase section */
		63DA1C411C37DD43006128BE /* Resources */ = {
			isa = PBXResourcesBuildPhase;
			buildActionMask = 2147483647;
			files = (
				63DA1C8A1C37DECB006128BE /* zhuzhanie_mukhi.mp3 in Resources */,
				63089A5D1C39C5150020562C /* duck.jpg in Resources */,
				63F897C91C39BD430056D48F /* yaguar.jpg in Resources */,
				63DA1C861C37DECB006128BE /* krik_petukha.mp3 in Resources */,
				63089A5B1C39C3E90020562C /* horse1.jpg in Resources */,
				63FD541E1C6A7FAE00A7DE6B /* sparrow.mp3 in Resources */,
				63DA1C561C37DD43006128BE /* LaunchScreen.storyboard in Resources */,
				63F897C61C39BD430056D48F /* chicken.jpg in Resources */,
				63FD54211C6A7FBD00A7DE6B /* elphant.mp3 in Resources */,
				63F897C71C39BD430056D48F /* cow2.jpg in Resources */,
				63DA1C891C37DECB006128BE /* rzhanie_loshadi.mp3 in Resources */,
				63089A5A1C39C3E90020562C /* fly1.jpg in Resources */,
				63DA1C851C37DECB006128BE /* krik_orla.mp3 in Resources */,
				63089A571C39C3E90020562C /* dog1.jpeg in Resources */,
				63DA1C531C37DD43006128BE /* Assets.xcassets in Resources */,
				63DA1C871C37DECB006128BE /* krjakane_utki.mp3 in Resources */,
				63DA1C881C37DECB006128BE /* laj_sobaki.mp3 in Resources */,
				63FD54221C6A7FBD00A7DE6B /* goat.mp3 in Resources */,
				63089A591C39C3E90020562C /* eagle1.jpg in Resources */,
				63DA1C841C37DECB006128BE /* jaguar.mp3 in Resources */,
				63DA1C821C37DECB006128BE /* Cow.mp3 in Resources */,
				63089A581C39C3E90020562C /* dolphin1.jpg in Resources */,
				63DA1C831C37DECB006128BE /* delfin.mp3 in Resources */,
				63DA1C511C37DD43006128BE /* Main.storyboard in Resources */,
			);
			runOnlyForDeploymentPostprocessing = 0;
		};
		63DA1C5A1C37DD44006128BE /* Resources */ = {
			isa = PBXResourcesBuildPhase;
			buildActionMask = 2147483647;
			files = (
			);
			runOnlyForDeploymentPostprocessing = 0;
		};
		63DA1C651C37DD44006128BE /* Resources */ = {
			isa = PBXResourcesBuildPhase;
			buildActionMask = 2147483647;
			files = (
			);
			runOnlyForDeploymentPostprocessing = 0;
		};
/* End PBXResourcesBuildPhase section */

/* Begin PBXSourcesBuildPhase section */
		63DA1C3F1C37DD43006128BE /* Sources */ = {
			isa = PBXSourcesBuildPhase;
			buildActionMask = 2147483647;
			files = (
				63DA1C4E1C37DD43006128BE /* ViewController.m in Sources */,
				63DA1C4B1C37DD43006128BE /* AppDelegate.m in Sources */,
				63DA1C481C37DD43006128BE /* main.m in Sources */,
			);
			runOnlyForDeploymentPostprocessing = 0;
		};
		63DA1C581C37DD44006128BE /* Sources */ = {
			isa = PBXSourcesBuildPhase;
			buildActionMask = 2147483647;
			files = (
				63DA1C611C37DD44006128BE /* BabySpeakerTests.m in Sources */,
			);
			runOnlyForDeploymentPostprocessing = 0;
		};
		63DA1C631C37DD44006128BE /* Sources */ = {
			isa = PBXSourcesBuildPhase;
			buildActionMask = 2147483647;
			files = (
				63DA1C6C1C37DD44006128BE /* BabySpeakerUITests.m in Sources */,
			);
			runOnlyForDeploymentPostprocessing = 0;
		};
/* End PBXSourcesBuildPhase section */

/* Begin PBXTargetDependency section */
		63DA1C5E1C37DD44006128BE /* PBXTargetDependency */ = {
			isa = PBXTargetDependency;
			target = 63DA1C421C37DD43006128BE /* BabySpeaker */;
			targetProxy = 63DA1C5D1C37DD44006128BE /* PBXContainerItemProxy */;
		};
		63DA1C691C37DD44006128BE /* PBXTargetDependency */ = {
			isa = PBXTargetDependency;
			target = 63DA1C421C37DD43006128BE /* BabySpeaker */;
			targetProxy = 63DA1C681C37DD44006128BE /* PBXContainerItemProxy */;
		};
/* End PBXTargetDependency section */

/* Begin PBXVariantGroup section */
		63DA1C4F1C37DD43006128BE /* Main.storyboard */ = {
			isa = PBXVariantGroup;
			children = (
				63DA1C501C37DD43006128BE /* Base */,
			);
			name = Main.storyboard;
			sourceTree = "<group>";
		};
		63DA1C541C37DD43006128BE /* LaunchScreen.storyboard */ = {
			isa = PBXVariantGroup;
			children = (
				63DA1C551C37DD43006128BE /* Base */,
			);
			name = LaunchScreen.storyboard;
			sourceTree = "<group>";
		};
/* End PBXVariantGroup section */

/* Begin XCBuildConfiguration section */
		63DA1C6E1C37DD44006128BE /* Debug */ = {
			isa = XCBuildConfiguration;
			buildSettings = {
				ALWAYS_SEARCH_USER_PATHS = NO;
				CLANG_CXX_LANGUAGE_STANDARD = "gnu++0x";
				CLANG_CXX_LIBRARY = "libc++";
				CLANG_ENABLE_MODULES = YES;
				CLANG_ENABLE_OBJC_ARC = YES;
				CLANG_WARN_BOOL_CONVERSION = YES;
				CLANG_WARN_CONSTANT_CONVERSION = YES;
				CLANG_WARN_DIRECT_OBJC_ISA_USAGE = YES_ERROR;
				CLANG_WARN_EMPTY_BODY = YES;
				CLANG_WARN_ENUM_CONVERSION = YES;
				CLANG_WARN_INT_CONVERSION = YES;
				CLANG_WARN_OBJC_ROOT_CLASS = YES_ERROR;
				CLANG_WARN_UNREACHABLE_CODE = YES;
				CLANG_WARN__DUPLICATE_METHOD_MATCH = YES;
				"CODE_SIGN_IDENTITY[sdk=iphoneos*]" = "iPhone Developer";
				COPY_PHASE_STRIP = NO;
				DEBUG_INFORMATION_FORMAT = dwarf;
				ENABLE_STRICT_OBJC_MSGSEND = YES;
				ENABLE_TESTABILITY = YES;
				GCC_C_LANGUAGE_STANDARD = gnu99;
				GCC_DYNAMIC_NO_PIC = NO;
				GCC_NO_COMMON_BLOCKS = YES;
				GCC_OPTIMIZATION_LEVEL = 0;
				GCC_PREPROCESSOR_DEFINITIONS = (
					"DEBUG=1",
					"$(inherited)",
				);
				GCC_WARN_64_TO_32_BIT_CONVERSION = YES;
				GCC_WARN_ABOUT_RETURN_TYPE = YES_ERROR;
				GCC_WARN_UNDECLARED_SELECTOR = YES;
				GCC_WARN_UNINITIALIZED_AUTOS = YES_AGGRESSIVE;
				GCC_WARN_UNUSED_FUNCTION = YES;
				GCC_WARN_UNUSED_VARIABLE = YES;
				IPHONEOS_DEPLOYMENT_TARGET = 9.2;
				MTL_ENABLE_DEBUG_INFO = YES;
				ONLY_ACTIVE_ARCH = YES;
				SDKROOT = iphoneos;
				TARGETED_DEVICE_FAMILY = 2;
			};
			name = Debug;
		};
		63DA1C6F1C37DD44006128BE /* Release */ = {
			isa = XCBuildConfiguration;
			buildSettings = {
				ALWAYS_SEARCH_USER_PATHS = NO;
				CLANG_CXX_LANGUAGE_STANDARD = "gnu++0x";
				CLANG_CXX_LIBRARY = "libc++";
				CLANG_ENABLE_MODULES = YES;
				CLANG_ENABLE_OBJC_ARC = YES;
				CLANG_WARN_BOOL_CONVERSION = YES;
				CLANG_WARN_CONSTANT_CONVERSION = YES;
				CLANG_WARN_DIRECT_OBJC_ISA_USAGE = YES_ERROR;
				CLANG_WARN_EMPTY_BODY = YES;
				CLANG_WARN_ENUM_CONVERSION = YES;
				CLANG_WARN_INT_CONVERSION = YES;
				CLANG_WARN_OBJC_ROOT_CLASS = YES_ERROR;
				CLANG_WARN_UNREACHABLE_CODE = YES;
				CLANG_WARN__DUPLICATE_METHOD_MATCH = YES;
				"CODE_SIGN_IDENTITY[sdk=iphoneos*]" = "iPhone Developer";
				COPY_PHASE_STRIP = NO;
				DEBUG_INFORMATION_FORMAT = "dwarf-with-dsym";
				ENABLE_NS_ASSERTIONS = NO;
				ENABLE_STRICT_OBJC_MSGSEND = YES;
				GCC_C_LANGUAGE_STANDARD = gnu99;
				GCC_NO_COMMON_BLOCKS = YES;
				GCC_WARN_64_TO_32_BIT_CONVERSION = YES;
				GCC_WARN_ABOUT_RETURN_TYPE = YES_ERROR;
				GCC_WARN_UNDECLARED_SELECTOR = YES;
				GCC_WARN_UNINITIALIZED_AUTOS = YES_AGGRESSIVE;
				GCC_WARN_UNUSED_FUNCTION = YES;
				GCC_WARN_UNUSED_VARIABLE = YES;
				IPHONEOS_DEPLOYMENT_TARGET = 9.2;
				MTL_ENABLE_DEBUG_INFO = NO;
				SDKROOT = iphoneos;
				TARGETED_DEVICE_FAMILY = 2;
				VALIDATE_PRODUCT = YES;
			};
			name = Release;
		};
		63DA1C711C37DD44006128BE /* Debug */ = {
			isa = XCBuildConfiguration;
			buildSettings = {
				ASSETCATALOG_COMPILER_APPICON_NAME = AppIcon;
				INFOPLIST_FILE = BabySpeaker/Info.plist;
				LD_RUNPATH_SEARCH_PATHS = "$(inherited) @executable_path/Frameworks";
				PRODUCT_BUNDLE_IDENTIFIER = "david-kakaladze.BabySpeaker";
				PRODUCT_NAME = "$(TARGET_NAME)";
			};
			name = Debug;
		};
		63DA1C721C37DD44006128BE /* Release */ = {
			isa = XCBuildConfiguration;
			buildSettings = {
				ASSETCATALOG_COMPILER_APPICON_NAME = AppIcon;
				INFOPLIST_FILE = BabySpeaker/Info.plist;
				LD_RUNPATH_SEARCH_PATHS = "$(inherited) @executable_path/Frameworks";
				PRODUCT_BUNDLE_IDENTIFIER = "david-kakaladze.BabySpeaker";
				PRODUCT_NAME = "$(TARGET_NAME)";
			};
			name = Release;
		};
		63DA1C741C37DD44006128BE /* Debug */ = {
			isa = XCBuildConfiguration;
			buildSettings = {
				BUNDLE_LOADER = "$(TEST_HOST)";
				INFOPLIST_FILE = BabySpeakerTests/Info.plist;
				LD_RUNPATH_SEARCH_PATHS = "$(inherited) @executable_path/Frameworks @loader_path/Frameworks";
				PRODUCT_BUNDLE_IDENTIFIER = "david-kakaladze.BabySpeakerTests";
				PRODUCT_NAME = "$(TARGET_NAME)";
				TEST_HOST = "$(BUILT_PRODUCTS_DIR)/BabySpeaker.app/BabySpeaker";
			};
			name = Debug;
		};
		63DA1C751C37DD44006128BE /* Release */ = {
			isa = XCBuildConfiguration;
			buildSettings = {
				BUNDLE_LOADER = "$(TEST_HOST)";
				INFOPLIST_FILE = BabySpeakerTests/Info.plist;
				LD_RUNPATH_SEARCH_PATHS = "$(inherited) @executable_path/Frameworks @loader_path/Frameworks";
				PRODUCT_BUNDLE_IDENTIFIER = "david-kakaladze.BabySpeakerTests";
				PRODUCT_NAME = "$(TARGET_NAME)";
				TEST_HOST = "$(BUILT_PRODUCTS_DIR)/BabySpeaker.app/BabySpeaker";
			};
			name = Release;
		};
		63DA1C771C37DD44006128BE /* Debug */ = {
			isa = XCBuildConfiguration;
			buildSettings = {
				INFOPLIST_FILE = BabySpeakerUITests/Info.plist;
				LD_RUNPATH_SEARCH_PATHS = "$(inherited) @executable_path/Frameworks @loader_path/Frameworks";
				PRODUCT_BUNDLE_IDENTIFIER = "david-kakaladze.BabySpeakerUITests";
				PRODUCT_NAME = "$(TARGET_NAME)";
				TEST_TARGET_NAME = BabySpeaker;
				USES_XCTRUNNER = YES;
			};
			name = Debug;
		};
		63DA1C781C37DD44006128BE /* Release */ = {
			isa = XCBuildConfiguration;
			buildSettings = {
				INFOPLIST_FILE = BabySpeakerUITests/Info.plist;
				LD_RUNPATH_SEARCH_PATHS = "$(inherited) @executable_path/Frameworks @loader_path/Frameworks";
				PRODUCT_BUNDLE_IDENTIFIER = "david-kakaladze.BabySpeakerUITests";
				PRODUCT_NAME = "$(TARGET_NAME)";
				TEST_TARGET_NAME = BabySpeaker;
				USES_XCTRUNNER = YES;
			};
			name = Release;
		};
/* End XCBuildConfiguration section */

/* Begin XCConfigurationList section */
		63DA1C3E1C37DD43006128BE /* Build configuration list for PBXProject "BabySpeaker" */ = {
			isa = XCConfigurationList;
			buildConfigurations = (
				63DA1C6E1C37DD44006128BE /* Debug */,
				63DA1C6F1C37DD44006128BE /* Release */,
			);
			defaultConfigurationIsVisible = 0;
			defaultConfigurationName = Release;
		};
		63DA1C701C37DD44006128BE /* Build configuration list for PBXNativeTarget "BabySpeaker" */ = {
			isa = XCConfigurationList;
			buildConfigurations = (
				63DA1C711C37DD44006128BE /* Debug */,
				63DA1C721C37DD44006128BE /* Release */,
			);
			defaultConfigurationIsVisible = 0;
			defaultConfigurationName = Release;
		};
		63DA1C731C37DD44006128BE /* Build configuration list for PBXNativeTarget "BabySpeakerTests" */ = {
			isa = XCConfigurationList;
			buildConfigurations = (
				63DA1C741C37DD44006128BE /* Debug */,
				63DA1C751C37DD44006128BE /* Release */,
			);
			defaultConfigurationIsVisible = 0;
			defaultConfigurationName = Release;
		};
		63DA1C761C37DD44006128BE /* Build configuration list for PBXNativeTarget "BabySpeakerUITests" */ = {
			isa = XCConfigurationList;
			buildConfigurations = (
				63DA1C771C37DD44006128BE /* Debug */,
				63DA1C781C37DD44006128BE /* Release */,
			);
			defaultConfigurationIsVisible = 0;
			defaultConfigurationName = Release;
		};
/* End XCConfigurationList section */
	};
	rootObject = 63DA1C3B1C37DD43006128BE /* Project object */;
}
